{
  "version": 4,
  "terraform_version": "1.15.7",
  "serial": 36,
  "lineage": "1a7da642-e412-497f-a685-651582ed90fb",
  "outputs": {
    "nsg_id": {
      "value": [
        "/subscriptions/2061430f-368d-46f8-8bb4-0c416da8e0ad/resourceGroups/terraform-leaning-rg/providers/Microsoft.Network/networkSecurityGroups/terraform-nsg"
      ],
      "type": [
        "tuple",
        [
          "string"
        ]
      ]
    },
    "subnet_id": {
      "value": "/subscriptions/2061430f-368d-46f8-8bb4-0c416da8e0ad/resourceGroups/terraform-leaning-rg/providers/Microsoft.Network/virtualNetworks/terraform-vnet/subnets/terraform-subnet",
      "type": "string"
    },
    "vm_ids": {
      "value": {
        "vm_0": "/subscriptions/2061430f-368d-46f8-8bb4-0c416da8e0ad/resourceGroups/terraform-leaning-rg/providers/Microsoft.Compute/virtualMachines/terraform-vm-0",
        "vm_1": "/subscriptions/2061430f-368d-46f8-8bb4-0c416da8e0ad/resourceGroups/terraform-leaning-rg/providers/Microsoft.Compute/virtualMachines/terraform-vm-1"
      },
      "type": [
        "object",
        {
          "vm_0": "string",
          "vm_1": "string"
        }
      ]
    },
    "vm_public_ip": {
      "value": {
        "vm_0": "20.151.221.106",
        "vm_1": "20.220.12.120"
      },
      "type": [
        "object",
        {
          "vm_0": "string",
          "vm_1": "string"
        }
      ]
    },
    "vnet_id": {
      "value": "/subscriptions/2061430f-368d-46f8-8bb4-0c416da8e0ad/resourceGroups/terraform-leaning-rg/providers/Microsoft.Network/virtualNetworks/terraform-vnet",
      "type": "string"
    }
  },
  "resources": [
    {
      "mode": "managed",
      "type": "azurerm_resource_group",
      "name": "rg",
      "provider": "provider[\"registry.terraform.io/hashicorp/azurerm\"]",
      "instances": [
        {
          "schema_version": 0,
          "attributes": {
            "id": "/subscriptions/2061430f-368d-46f8-8bb4-0c416da8e0ad/resourceGroups/terraform-leaning-rg",
            "location": "canadacentral",
            "managed_by": "",
            "name": "terraform-leaning-rg",
            "tags": null,
            "timeouts": null
          },
          "sensitive_attributes": [],
          "identity_schema_version": 0,
          "identity": {
            "name": "terraform-leaning-rg",
            "subscription_id": "2061430f-368d-46f8-8bb4-0c416da8e0ad"
          },
          "private": "eyJlMmJmYjczMC1lY2FhLTExZTYtOGY4OC0zNDM2M2JjN2M0YzAiOnsiY3JlYXRlIjo1NDAwMDAwMDAwMDAwLCJkZWxldGUiOjU0MDAwMDAwMDAwMDAsInJlYWQiOjMwMDAwMDAwMDAwMCwidXBkYXRlIjo1NDAwMDAwMDAwMDAwfX0="
        }
      ]
    },
    {
      "module": "module.compute",
      "mode": "managed",
      "type": "azurerm_linux_virtual_machine",
      "name": "vm",
      "provider": "provider[\"registry.terraform.io/hashicorp/azurerm\"]",
      "instances": [
        {
          "index_key": "vm_0",
          "schema_version": 0,
          "attributes": {
            "additional_capabilities": [],
            "admin_password": null,
            "admin_ssh_key": [
              {
                "public_key": "ssh-ed25519 AAAAC3NzaC1lZDI1NTE5AAAAIL/h7DjtZETle3utu+24QRbBBy2SN62QqdtlAlsbrcx2 tao@example.com\n",
                "username": "azureuser"
              }
            ],
            "admin_username": "azureuser",
            "allow_extension_operations": true,
            "availability_set_id": "",
            "boot_diagnostics": [],
            "bypass_platform_safety_checks_on_user_schedule_enabled": false,
            "capacity_reservation_group_id": "",
            "computer_name": "terraform-vm-0",
            "custom_data": null,
            "dedicated_host_group_id": "",
            "dedicated_host_id": "",
            "disable_password_authentication": true,
            "disk_controller_type": "SCSI",
            "edge_zone": "",
            "encryption_at_host_enabled": false,
            "eviction_policy": "",
            "extensions_time_budget": "PT1H30M",
            "gallery_application": [],
            "id": "/subscriptions/2061430f-368d-46f8-8bb4-0c416da8e0ad/resourceGroups/terraform-leaning-rg/providers/Microsoft.Compute/virtualMachines/terraform-vm-0",
            "identity": [],
            "license_type": "",
            "location": "canadacentral",
            "max_bid_price": -1,
            "name": "terraform-vm-0",
            "network_interface_ids": [
              "/subscriptions/2061430f-368d-46f8-8bb4-0c416da8e0ad/resourceGroups/terraform-leaning-rg/providers/Microsoft.Network/networkInterfaces/terraform-vm-0-nic"
            ],
            "os_disk": [
              {
                "caching": "ReadWrite",
                "diff_disk_settings": [],
                "disk_encryption_set_id": "",
                "disk_size_gb": 30,
                "id": "/subscriptions/2061430f-368d-46f8-8bb4-0c416da8e0ad/resourceGroups/terraform-leaning-rg/providers/Microsoft.Compute/disks/terraform-vm-0_disk1_f6dcb7391b754e48b365533a53d19fa7",
                "name": "terraform-vm-0_disk1_f6dcb7391b754e48b365533a53d19fa7",
                "secure_vm_disk_encryption_set_id": "",
                "security_encryption_type": "",
                "storage_account_type": "Standard_LRS",
                "write_accelerator_enabled": false
              }
            ],
            "os_image_notification": [],
            "os_managed_disk_id": "/subscriptions/2061430f-368d-46f8-8bb4-0c416da8e0ad/resourceGroups/terraform-leaning-rg/providers/Microsoft.Compute/disks/terraform-vm-0_disk1_f6dcb7391b754e48b365533a53d19fa7",
            "patch_assessment_mode": "ImageDefault",
            "patch_mode": "ImageDefault",
            "plan": [],
            "platform_fault_domain": -1,
            "priority": "Regular",
            "private_ip_address": "10.0.1.5",
            "private_ip_addresses": [
              "10.0.1.5"
            ],
            "provision_vm_agent": true,
            "proximity_placement_group_id": "",
            "public_ip_address": "20.151.221.106",
            "public_ip_addresses": [
              "20.151.221.106"
            ],
            "reboot_setting": "",
            "resource_group_name": "terraform-leaning-rg",
            "secret": [],
            "secure_boot_enabled": false,
            "size": "Standard_B2ts_v2",
            "source_image_id": "",
            "source_image_reference": [
              {
                "offer": "ubuntu-24_04-lts",
                "publisher": "Canonical",
                "sku": "server",
                "version": "latest"
              }
            ],
            "tags": null,
            "termination_notification": null,
            "timeouts": null,
            "user_data": "",
            "virtual_machine_id": "7f8cd550-c573-4481-b4af-dad7d2c7d689",
            "virtual_machine_scale_set_id": "",
            "vm_agent_platform_updates_enabled": false,
            "vtpm_enabled": false,
            "zone": ""
          },
          "sensitive_attributes": [
            [
              {
                "type": "get_attr",
                "value": "admin_password"
              }
            ],
            [
              {
                "type": "get_attr",
                "value": "custom_data"
              }
            ]
          ],
          "identity_schema_version": 0,
          "private": "eyJlMmJmYjczMC1lY2FhLTExZTYtOGY4OC0zNDM2M2JjN2M0YzAiOnsiY3JlYXRlIjoyNzAwMDAwMDAwMDAwLCJkZWxldGUiOjI3MDAwMDAwMDAwMDAsInJlYWQiOjMwMDAwMDAwMDAwMCwidXBkYXRlIjoyNzAwMDAwMDAwMDAwfX0=",
          "dependencies": [
            "azurerm_resource_group.rg",
            "module.compute.azurerm_network_interface.nic",
            "module.compute.azurerm_public_ip.vm_ip",
            "module.networking.azurerm_subnet.subnet",
            "module.networking.azurerm_virtual_network.vnet"
          ]
        },
        {
          "index_key": "vm_1",
          "schema_version": 0,
          "attributes": {
            "additional_capabilities": [],
            "admin_password": null,
            "admin_ssh_key": [
              {
                "public_key": "ssh-ed25519 AAAAC3NzaC1lZDI1NTE5AAAAIL/h7DjtZETle3utu+24QRbBBy2SN62QqdtlAlsbrcx2 tao@example.com\n",
                "username": "azureuser"
              }
            ],
            "admin_username": "azureuser",
            "allow_extension_operations": true,
            "availability_set_id": "",
            "boot_diagnostics": [],
            "bypass_platform_safety_checks_on_user_schedule_enabled": false,
            "capacity_reservation_group_id": "",
            "computer_name": "terraform-vm-1",
            "custom_data": null,
            "dedicated_host_group_id": "",
            "dedicated_host_id": "",
            "disable_password_authentication": true,
            "disk_controller_type": "SCSI",
            "edge_zone": "",
            "encryption_at_host_enabled": false,
            "eviction_policy": "",
            "extensions_time_budget": "PT1H30M",
            "gallery_application": [],
            "id": "/subscriptions/2061430f-368d-46f8-8bb4-0c416da8e0ad/resourceGroups/terraform-leaning-rg/providers/Microsoft.Compute/virtualMachines/terraform-vm-1",
            "identity": [],
            "license_type": "",
            "location": "canadacentral",
            "max_bid_price": -1,
            "name": "terraform-vm-1",
            "network_interface_ids": [
              "/subscriptions/2061430f-368d-46f8-8bb4-0c416da8e0ad/resourceGroups/terraform-leaning-rg/providers/Microsoft.Network/networkInterfaces/terraform-vm-1-nic"
            ],
            "os_disk": [
              {
                "caching": "ReadWrite",
                "diff_disk_settings": [],
                "disk_encryption_set_id": "",
                "disk_size_gb": 30,
                "id": "/subscriptions/2061430f-368d-46f8-8bb4-0c416da8e0ad/resourceGroups/terraform-leaning-rg/providers/Microsoft.Compute/disks/terraform-vm-1_disk1_ace7af91923a4343af19946c65512064",
                "name": "terraform-vm-1_disk1_ace7af91923a4343af19946c65512064",
                "secure_vm_disk_encryption_set_id": "",
                "security_encryption_type": "",
                "storage_account_type": "Standard_LRS",
                "write_accelerator_enabled": false
              }
            ],
            "os_image_notification": [],
            "os_managed_disk_id": "/subscriptions/2061430f-368d-46f8-8bb4-0c416da8e0ad/resourceGroups/terraform-leaning-rg/providers/Microsoft.Compute/disks/terraform-vm-1_disk1_ace7af91923a4343af19946c65512064",
            "patch_assessment_mode": "ImageDefault",
            "patch_mode": "ImageDefault",
            "plan": [],
            "platform_fault_domain": -1,
            "priority": "Regular",
            "private_ip_address": "10.0.1.4",
            "private_ip_addresses": [
              "10.0.1.4"
            ],
            "provision_vm_agent": true,
            "proximity_placement_group_id": "",
            "public_ip_address": "20.220.12.120",
            "public_ip_addresses": [
              "20.220.12.120"
            ],
            "reboot_setting": "",
            "resource_group_name": "terraform-leaning-rg",
            "secret": [],
            "secure_boot_enabled": false,
            "size": "Standard_B2ts_v2",
            "source_image_id": "",
            "source_image_reference": [
              {
                "offer": "ubuntu-24_04-lts",
                "publisher": "Canonical",
                "sku": "server",
                "version": "latest"
              }
            ],
            "tags": null,
            "termination_notification": null,
            "timeouts": null,
            "user_data": "",
            "virtual_machine_id": "47683ab3-7174-48e5-9721-49ad2df5174f",
            "virtual_machine_scale_set_id": "",
            "vm_agent_platform_updates_enabled": false,
            "vtpm_enabled": false,
            "zone": ""
          },
          "sensitive_attributes": [
            [
              {
                "type": "get_attr",
                "value": "admin_password"
              }
            ],
            [
              {
                "type": "get_attr",
                "value": "custom_data"
              }
            ]
          ],
          "identity_schema_version": 0,
          "private": "eyJlMmJmYjczMC1lY2FhLTExZTYtOGY4OC0zNDM2M2JjN2M0YzAiOnsiY3JlYXRlIjoyNzAwMDAwMDAwMDAwLCJkZWxldGUiOjI3MDAwMDAwMDAwMDAsInJlYWQiOjMwMDAwMDAwMDAwMCwidXBkYXRlIjoyNzAwMDAwMDAwMDAwfX0=",
          "dependencies": [
            "azurerm_resource_group.rg",
            "module.compute.azurerm_network_interface.nic",
            "module.compute.azurerm_public_ip.vm_ip",
            "module.networking.azurerm_subnet.subnet",
            "module.networking.azurerm_virtual_network.vnet"
          ]
        }
      ]
    },
    {
      "module": "module.compute",
      "mode": "managed",
      "type": "azurerm_network_interface",
      "name": "nic",
      "provider": "provider[\"registry.terraform.io/hashicorp/azurerm\"]",
      "instances": [
        {
          "index_key": "vm_0",
          "schema_version": 0,
          "attributes": {
            "accelerated_networking_enabled": false,
            "applied_dns_servers": [],
            "auxiliary_mode": "",
            "auxiliary_sku": "",
            "dns_servers": null,
            "edge_zone": "",
            "id": "/subscriptions/2061430f-368d-46f8-8bb4-0c416da8e0ad/resourceGroups/terraform-leaning-rg/providers/Microsoft.Network/networkInterfaces/terraform-vm-0-nic",
            "internal_dns_name_label": "",
            "internal_domain_name_suffix": "x13d4cwp1jsuzcjknyhdhadt2f.ux.internal.cloudapp.net",
            "ip_configuration": [
              {
                "gateway_load_balancer_frontend_ip_configuration_id": "",
                "name": "internal",
                "primary": true,
                "private_ip_address": "10.0.1.5",
                "private_ip_address_allocation": "Dynamic",
                "private_ip_address_version": "IPv4",
                "public_ip_address_id": "/subscriptions/2061430f-368d-46f8-8bb4-0c416da8e0ad/resourceGroups/terraform-leaning-rg/providers/Microsoft.Network/publicIPAddresses/terraform-vm-0-pip",
                "subnet_id": "/subscriptions/2061430f-368d-46f8-8bb4-0c416da8e0ad/resourceGroups/terraform-leaning-rg/providers/Microsoft.Network/virtualNetworks/terraform-vnet/subnets/terraform-subnet"
              }
            ],
            "ip_forwarding_enabled": false,
            "location": "canadacentral",
            "mac_address": "",
            "name": "terraform-vm-0-nic",
            "private_ip_address": "10.0.1.5",
            "private_ip_addresses": [
              "10.0.1.5"
            ],
            "resource_group_name": "terraform-leaning-rg",
            "tags": null,
            "timeouts": null,
            "virtual_machine_id": ""
          },
          "sensitive_attributes": [],
          "identity_schema_version": 0,
          "identity": {
            "name": "terraform-vm-0-nic",
            "resource_group_name": "terraform-leaning-rg",
            "subscription_id": "2061430f-368d-46f8-8bb4-0c416da8e0ad"
          },
          "private": "eyJlMmJmYjczMC1lY2FhLTExZTYtOGY4OC0zNDM2M2JjN2M0YzAiOnsiY3JlYXRlIjoxODAwMDAwMDAwMDAwLCJkZWxldGUiOjE4MDAwMDAwMDAwMDAsInJlYWQiOjMwMDAwMDAwMDAwMCwidXBkYXRlIjoxODAwMDAwMDAwMDAwfX0=",
          "dependencies": [
            "azurerm_resource_group.rg",
            "module.compute.azurerm_public_ip.vm_ip",
            "module.networking.azurerm_subnet.subnet",
            "module.networking.azurerm_virtual_network.vnet"
          ]
        },
        {
          "index_key": "vm_1",
          "schema_version": 0,
          "attributes": {
            "accelerated_networking_enabled": false,
            "applied_dns_servers": [],
            "auxiliary_mode": "",
            "auxiliary_sku": "",
            "dns_servers": null,
            "edge_zone": "",
            "id": "/subscriptions/2061430f-368d-46f8-8bb4-0c416da8e0ad/resourceGroups/terraform-leaning-rg/providers/Microsoft.Network/networkInterfaces/terraform-vm-1-nic",
            "internal_dns_name_label": "",
            "internal_domain_name_suffix": "x13d4cwp1jsuzcjknyhdhadt2f.ux.internal.cloudapp.net",
            "ip_configuration": [
              {
                "gateway_load_balancer_frontend_ip_configuration_id": "",
                "name": "internal",
                "primary": true,
                "private_ip_address": "10.0.1.4",
                "private_ip_address_allocation": "Dynamic",
                "private_ip_address_version": "IPv4",
                "public_ip_address_id": "/subscriptions/2061430f-368d-46f8-8bb4-0c416da8e0ad/resourceGroups/terraform-leaning-rg/providers/Microsoft.Network/publicIPAddresses/terraform-vm-1-pip",
                "subnet_id": "/subscriptions/2061430f-368d-46f8-8bb4-0c416da8e0ad/resourceGroups/terraform-leaning-rg/providers/Microsoft.Network/virtualNetworks/terraform-vnet/subnets/terraform-subnet"
              }
            ],
            "ip_forwarding_enabled": false,
            "location": "canadacentral",
            "mac_address": "",
            "name": "terraform-vm-1-nic",
            "private_ip_address": "10.0.1.4",
            "private_ip_addresses": [
              "10.0.1.4"
            ],
            "resource_group_name": "terraform-leaning-rg",
            "tags": null,
            "timeouts": null,
            "virtual_machine_id": ""
          },
          "sensitive_attributes": [],
          "identity_schema_version": 0,
          "identity": {
            "name": "terraform-vm-1-nic",
            "resource_group_name": "terraform-leaning-rg",
            "subscription_id": "2061430f-368d-46f8-8bb4-0c416da8e0ad"
          },
          "private": "eyJlMmJmYjczMC1lY2FhLTExZTYtOGY4OC0zNDM2M2JjN2M0YzAiOnsiY3JlYXRlIjoxODAwMDAwMDAwMDAwLCJkZWxldGUiOjE4MDAwMDAwMDAwMDAsInJlYWQiOjMwMDAwMDAwMDAwMCwidXBkYXRlIjoxODAwMDAwMDAwMDAwfX0=",
          "dependencies": [
            "azurerm_resource_group.rg",
            "module.compute.azurerm_public_ip.vm_ip",
            "module.networking.azurerm_subnet.subnet",
            "module.networking.azurerm_virtual_network.vnet"
          ]
        }
      ]
    },
    {
      "module": "module.compute",
      "mode": "managed",
      "type": "azurerm_public_ip",
      "name": "vm_ip",
      "provider": "provider[\"registry.terraform.io/hashicorp/azurerm\"]",
      "instances": [
        {
          "index_key": "vm_0",
          "schema_version": 0,
          "attributes": {
            "allocation_method": "Static",
            "ddos_protection_mode": "VirtualNetworkInherited",
            "ddos_protection_plan_id": null,
            "domain_name_label": "",
            "domain_name_label_scope": "",
            "edge_zone": "",
            "fqdn": "",
            "id": "/subscriptions/2061430f-368d-46f8-8bb4-0c416da8e0ad/resourceGroups/terraform-leaning-rg/providers/Microsoft.Network/publicIPAddresses/terraform-vm-0-pip",
            "idle_timeout_in_minutes": 4,
            "ip_address": "20.151.221.106",
            "ip_tags": null,
            "ip_version": "IPv4",
            "location": "canadacentral",
            "name": "terraform-vm-0-pip",
            "public_ip_prefix_id": null,
            "resource_group_name": "terraform-leaning-rg",
            "reverse_fqdn": "",
            "sku": "Standard",
            "sku_tier": "Regional",
            "tags": null,
            "timeouts": null,
            "zones": null
          },
          "sensitive_attributes": [],
          "identity_schema_version": 0,
          "identity": {
            "name": "terraform-vm-0-pip",
            "resource_group_name": "terraform-leaning-rg",
            "subscription_id": "2061430f-368d-46f8-8bb4-0c416da8e0ad"
          },
          "private": "eyJlMmJmYjczMC1lY2FhLTExZTYtOGY4OC0zNDM2M2JjN2M0YzAiOnsiY3JlYXRlIjoxODAwMDAwMDAwMDAwLCJkZWxldGUiOjE4MDAwMDAwMDAwMDAsInJlYWQiOjMwMDAwMDAwMDAwMCwidXBkYXRlIjoxODAwMDAwMDAwMDAwfX0=",
          "dependencies": [
            "azurerm_resource_group.rg"
          ]
        },
        {
          "index_key": "vm_1",
          "schema_version": 0,
          "attributes": {
            "allocation_method": "Static",
            "ddos_protection_mode": "VirtualNetworkInherited",
            "ddos_protection_plan_id": null,
            "domain_name_label": "",
            "domain_name_label_scope": "",
            "edge_zone": "",
            "fqdn": "",
            "id": "/subscriptions/2061430f-368d-46f8-8bb4-0c416da8e0ad/resourceGroups/terraform-leaning-rg/providers/Microsoft.Network/publicIPAddresses/terraform-vm-1-pip",
            "idle_timeout_in_minutes": 4,
            "ip_address": "20.220.12.120",
            "ip_tags": null,
            "ip_version": "IPv4",
            "location": "canadacentral",
            "name": "terraform-vm-1-pip",
            "public_ip_prefix_id": null,
            "resource_group_name": "terraform-leaning-rg",
            "reverse_fqdn": "",
            "sku": "Standard",
            "sku_tier": "Regional",
            "tags": null,
            "timeouts": null,
            "zones": null
          },
          "sensitive_attributes": [],
          "identity_schema_version": 0,
          "identity": {
            "name": "terraform-vm-1-pip",
            "resource_group_name": "terraform-leaning-rg",
            "subscription_id": "2061430f-368d-46f8-8bb4-0c416da8e0ad"
          },
          "private": "eyJlMmJmYjczMC1lY2FhLTExZTYtOGY4OC0zNDM2M2JjN2M0YzAiOnsiY3JlYXRlIjoxODAwMDAwMDAwMDAwLCJkZWxldGUiOjE4MDAwMDAwMDAwMDAsInJlYWQiOjMwMDAwMDAwMDAwMCwidXBkYXRlIjoxODAwMDAwMDAwMDAwfX0=",
          "dependencies": [
            "azurerm_resource_group.rg"
          ]
        }
      ]
    },
    {
      "module": "module.networking",
      "mode": "managed",
      "type": "azurerm_network_security_group",
      "name": "nsg",
      "provider": "provider[\"registry.terraform.io/hashicorp/azurerm\"]",
      "instances": [
        {
          "schema_version": 0,
          "attributes": {
            "id": "/subscriptions/2061430f-368d-46f8-8bb4-0c416da8e0ad/resourceGroups/terraform-leaning-rg/providers/Microsoft.Network/networkSecurityGroups/terraform-nsg",
            "location": "canadacentral",
            "name": "terraform-nsg",
            "resource_group_name": "terraform-leaning-rg",
            "security_rule": [
              {
                "access": "Allow",
                "description": "",
                "destination_address_prefix": "*",
                "destination_address_prefixes": [],
                "destination_application_security_group_ids": [],
                "destination_port_range": "22",
                "destination_port_ranges": [],
                "direction": "Inbound",
                "name": "allow-ssh-22",
                "priority": 100,
                "protocol": "Tcp",
                "source_address_prefix": "*",
                "source_address_prefixes": [],
                "source_application_security_group_ids": [],
                "source_port_range": "*",
                "source_port_ranges": []
              },
              {
                "access": "Allow",
                "description": "",
                "destination_address_prefix": "*",
                "destination_address_prefixes": [],
                "destination_application_security_group_ids": [],
                "destination_port_range": "2222",
                "destination_port_ranges": [],
                "direction": "Inbound",
                "name": "allow-ssh-2222",
                "priority": 101,
                "protocol": "Tcp",
                "source_address_prefix": "*",
                "source_address_prefixes": [],
                "source_application_security_group_ids": [],
                "source_port_range": "*",
                "source_port_ranges": []
              }
            ],
            "tags": null,
            "timeouts": null
          },
          "sensitive_attributes": [],
          "identity_schema_version": 0,
          "identity": {
            "name": "terraform-nsg",
            "resource_group_name": "terraform-leaning-rg",
            "subscription_id": "2061430f-368d-46f8-8bb4-0c416da8e0ad"
          },
          "private": "eyJlMmJmYjczMC1lY2FhLTExZTYtOGY4OC0zNDM2M2JjN2M0YzAiOnsiY3JlYXRlIjoxODAwMDAwMDAwMDAwLCJkZWxldGUiOjE4MDAwMDAwMDAwMDAsInJlYWQiOjMwMDAwMDAwMDAwMCwidXBkYXRlIjoxODAwMDAwMDAwMDAwfX0=",
          "dependencies": [
            "azurerm_resource_group.rg"
          ]
        }
      ]
    },
    {
      "module": "module.networking",
      "mode": "managed",
      "type": "azurerm_subnet",
      "name": "subnet",
      "provider": "provider[\"registry.terraform.io/hashicorp/azurerm\"]",
      "instances": [
        {
          "schema_version": 0,
          "attributes": {
            "address_prefixes": [
              "10.0.1.0/24"
            ],
            "default_outbound_access_enabled": true,
            "delegation": [],
            "id": "/subscriptions/2061430f-368d-46f8-8bb4-0c416da8e0ad/resourceGroups/terraform-leaning-rg/providers/Microsoft.Network/virtualNetworks/terraform-vnet/subnets/terraform-subnet",
            "ip_address_pool": [],
            "name": "terraform-subnet",
            "private_endpoint_network_policies": "Disabled",
            "private_link_service_network_policies_enabled": true,
            "resource_group_name": "terraform-leaning-rg",
            "service_endpoint_policy_ids": null,
            "service_endpoints": null,
            "sharing_scope": "",
            "timeouts": null,
            "virtual_network_name": "terraform-vnet"
          },
          "sensitive_attributes": [],
          "identity_schema_version": 0,
          "identity": {
            "name": "terraform-subnet",
            "resource_group_name": "terraform-leaning-rg",
            "subscription_id": "2061430f-368d-46f8-8bb4-0c416da8e0ad",
            "virtual_network_name": "terraform-vnet"
          },
          "private": "eyJlMmJmYjczMC1lY2FhLTExZTYtOGY4OC0zNDM2M2JjN2M0YzAiOnsiY3JlYXRlIjoxODAwMDAwMDAwMDAwLCJkZWxldGUiOjE4MDAwMDAwMDAwMDAsInJlYWQiOjMwMDAwMDAwMDAwMCwidXBkYXRlIjoxODAwMDAwMDAwMDAwfX0=",
          "dependencies": [
            "azurerm_resource_group.rg",
            "module.networking.azurerm_virtual_network.vnet"
          ]
        }
      ]
    },
    {
      "module": "module.networking",
      "mode": "managed",
      "type": "azurerm_subnet_network_security_group_association",
      "name": "nsg_assoc",
      "provider": "provider[\"registry.terraform.io/hashicorp/azurerm\"]",
      "instances": [
        {
          "schema_version": 0,
          "attributes": {
            "id": "/subscriptions/2061430f-368d-46f8-8bb4-0c416da8e0ad/resourceGroups/terraform-leaning-rg/providers/Microsoft.Network/virtualNetworks/terraform-vnet/subnets/terraform-subnet",
            "network_security_group_id": "/subscriptions/2061430f-368d-46f8-8bb4-0c416da8e0ad/resourceGroups/terraform-leaning-rg/providers/Microsoft.Network/networkSecurityGroups/terraform-nsg",
            "subnet_id": "/subscriptions/2061430f-368d-46f8-8bb4-0c416da8e0ad/resourceGroups/terraform-leaning-rg/providers/Microsoft.Network/virtualNetworks/terraform-vnet/subnets/terraform-subnet",
            "timeouts": null
          },
          "sensitive_attributes": [],
          "identity_schema_version": 0,
          "private": "eyJlMmJmYjczMC1lY2FhLTExZTYtOGY4OC0zNDM2M2JjN2M0YzAiOnsiY3JlYXRlIjoxODAwMDAwMDAwMDAwLCJkZWxldGUiOjE4MDAwMDAwMDAwMDAsInJlYWQiOjMwMDAwMDAwMDAwMH19",
          "dependencies": [
            "azurerm_resource_group.rg",
            "module.networking.azurerm_network_security_group.nsg",
            "module.networking.azurerm_subnet.subnet",
            "module.networking.azurerm_virtual_network.vnet"
          ]
        }
      ]
    },
    {
      "module": "module.networking",
      "mode": "managed",
      "type": "azurerm_virtual_network",
      "name": "vnet",
      "provider": "provider[\"registry.terraform.io/hashicorp/azurerm\"]",
      "instances": [
        {
          "schema_version": 0,
          "attributes": {
            "address_space": [
              "10.0.0.0/16"
            ],
            "bgp_community": "",
            "ddos_protection_plan": [],
            "dns_servers": [],
            "edge_zone": "",
            "encryption": [],
            "flow_timeout_in_minutes": 0,
            "guid": "0a3ffabe-dacf-4c65-892a-6e0e338073e5",
            "id": "/subscriptions/2061430f-368d-46f8-8bb4-0c416da8e0ad/resourceGroups/terraform-leaning-rg/providers/Microsoft.Network/virtualNetworks/terraform-vnet",
            "ip_address_pool": [],
            "location": "canadacentral",
            "name": "terraform-vnet",
            "private_endpoint_vnet_policies": "Disabled",
            "resource_group_name": "terraform-leaning-rg",
            "subnet": [],
            "tags": null,
            "timeouts": null
          },
          "sensitive_attributes": [],
          "identity_schema_version": 0,
          "identity": {
            "name": "terraform-vnet",
            "resource_group_name": "terraform-leaning-rg",
            "subscription_id": "2061430f-368d-46f8-8bb4-0c416da8e0ad"
          },
          "private": "eyJlMmJmYjczMC1lY2FhLTExZTYtOGY4OC0zNDM2M2JjN2M0YzAiOnsiY3JlYXRlIjoxODAwMDAwMDAwMDAwLCJkZWxldGUiOjE4MDAwMDAwMDAwMDAsInJlYWQiOjMwMDAwMDAwMDAwMCwidXBkYXRlIjoxODAwMDAwMDAwMDAwfX0=",
          "dependencies": [
            "azurerm_resource_group.rg"
          ]
        }
      ]
    }
  ],
  "check_results": null
}
